
Microsoft Visual Studio Solution File, Format Version 12.00
# Visual Studio Version 16
VisualStudioVersion = 16.0.31005.135
MinimumVisualStudioVersion = 10.0.40219.1
Project("{FAE04EC0-301F-11D3-BF4B-00C04F79EFBC}") = "CSHARP_Variables_Exo1", "CSHARP_Variables_Exo1\CSHARP_Variables_Exo1.csproj", "{BA733D2F-45BF-4392-ABDD-D641D83D0CA1}"
EndProject
Global
	GlobalSection(SolutionConfigurationPlatforms) = preSolution
		Debug|Any CPU = Debug|Any CPU
		Release|Any CPU = Release|Any CPU
	EndGlobalSection
	GlobalSection(ProjectConfigurationPlatforms) = postSolution
		{BA733D2F-45BF-4392-ABDD-D641D83D0CA1}.Debug|Any CPU.ActiveCfg = Debug|Any CPU
		{BA733D2F-45BF-4392-ABDD-D641D83D0CA1}.Debug|Any CPU.Build.0 = Debug|Any CPU
		{BA733D2F-45BF-4392-ABDD-D641D83D0CA1}.Release|Any CPU.ActiveCfg = Release|Any CPU
		{BA733D2F-45BF-4392-ABDD-D641D83D0CA1}.Release|Any CPU.Build.0 = Release|Any CPU
	EndGlobalSection
	GlobalSection(SolutionProperties) = preSolution
		HideSolutionNode = FALSE
	EndGlobalSection
	GlobalSection(ExtensibilityGlobals) = postSolution
		SolutionGuid = {A085BA10-0C6E-427B-85A8-BE7CA33D5B16}
	EndGlobalSection
EndGlobal
